Microsoft Visual Studio Solution File, Format Version 11.00
# Visual Studio 2010
Project("{FAE04EC0-301F-11D3-BF4B-00C04F79EFBC}") = "Assembly-CSharp", "Assembly-CSharp.csproj", "{966170d3-5c1c-3bf9-4912-c715f81c70c0}"
EndProject
Project("{FAE04EC0-301F-11D3-BF4B-00C04F79EFBC}") = "Assembly-CSharp-Editor", "Assembly-CSharp-Editor.csproj", "{844a1062-0d5a-03c6-4441-2da542ab3844}"
EndProject
Project("{FAE04EC0-301F-11D3-BF4B-00C04F79EFBC}") = "RotaryHeart", "RotaryHeart.csproj", "{4c9a66a7-9e67-441f-bff0-0b7e795f6f36}"
EndProject
Global
	GlobalSection(SolutionConfigurationPlatforms) = preSolution
		Debug|Any CPU = Debug|Any CPU
		Release|Any CPU = Release|Any CPU
	EndGlobalSection
	GlobalSection(ProjectConfigurationPlatforms) = postSolution
		{966170d3-5c1c-3bf9-4912-c715f81c70c0}.Debug|Any CPU.ActiveCfg = Debug|Any CPU
		{966170d3-5c1c-3bf9-4912-c715f81c70c0}.Debug|Any CPU.Build.0 = Debug|Any CPU
		{966170d3-5c1c-3bf9-4912-c715f81c70c0}.Release|Any CPU.ActiveCfg = Release|Any CPU
		{966170d3-5c1c-3bf9-4912-c715f81c70c0}.Release|Any CPU.Build.0 = Release|Any CPU
		{844a1062-0d5a-03c6-4441-2da542ab3844}.Debug|Any CPU.ActiveCfg = Debug|Any CPU
		{844a1062-0d5a-03c6-4441-2da542ab3844}.Debug|Any CPU.Build.0 = Debug|Any CPU
		{844a1062-0d5a-03c6-4441-2da542ab3844}.Release|Any CPU.ActiveCfg = Release|Any CPU
		{844a1062-0d5a-03c6-4441-2da542ab3844}.Release|Any CPU.Build.0 = Release|Any CPU
		{4c9a66a7-9e67-441f-bff0-0b7e795f6f36}.Debug|Any CPU.ActiveCfg = Debug|Any CPU
		{4c9a66a7-9e67-441f-bff0-0b7e795f6f36}.Debug|Any CPU.Build.0 = Debug|Any CPU
		{4c9a66a7-9e67-441f-bff0-0b7e795f6f36}.Release|Any CPU.ActiveCfg = Release|Any CPU
		{4c9a66a7-9e67-441f-bff0-0b7e795f6f36}.Release|Any CPU.Build.0 = Release|Any CPU
	EndGlobalSection
	GlobalSection(SolutionProperties) = preSolution
		HideSolutionNode = FALSE
	EndGlobalSection
EndGlobal
